
Microsoft Visual Studio Solution File, Format Version 12.00
# Visual Studio 2013
Project("{FAE04EC0-301F-11D3-BF4B-00C04F79EFBC}") = "UnityVS.The legend of three tower.CSharp", "UnityVS.The legend of three tower.CSharp.csproj", "{45221D68-351A-AC9A-FE21-8C7C36D211D0}"
EndProject
Project("{FAE04EC0-301F-11D3-BF4B-00C04F79EFBC}") = "UnityVS.The legend of three tower.CSharp.Editor", "UnityVS.The legend of three tower.CSharp.Editor.csproj", "{88194F7C-7014-BCCC-F3CE-C91398104E61}"
EndProject
Global
	GlobalSection(SolutionConfigurationPlatforms) = preSolution
		Debug|Any CPU = Debug|Any CPU
		Release|Any CPU = Release|Any CPU
	EndGlobalSection
	GlobalSection(ProjectConfigurationPlatforms) = postSolution
		{45221D68-351A-AC9A-FE21-8C7C36D211D0}.Debug|Any CPU.ActiveCfg = Debug|Any CPU
		{45221D68-351A-AC9A-FE21-8C7C36D211D0}.Debug|Any CPU.Build.0 = Debug|Any CPU
		{45221D68-351A-AC9A-FE21-8C7C36D211D0}.Release|Any CPU.ActiveCfg = Release|Any CPU
		{45221D68-351A-AC9A-FE21-8C7C36D211D0}.Release|Any CPU.Build.0 = Release|Any CPU
		{88194F7C-7014-BCCC-F3CE-C91398104E61}.Debug|Any CPU.ActiveCfg = Debug|Any CPU
		{88194F7C-7014-BCCC-F3CE-C91398104E61}.Debug|Any CPU.Build.0 = Debug|Any CPU
		{88194F7C-7014-BCCC-F3CE-C91398104E61}.Release|Any CPU.ActiveCfg = Release|Any CPU
		{88194F7C-7014-BCCC-F3CE-C91398104E61}.Release|Any CPU.Build.0 = Release|Any CPU
	EndGlobalSection
	GlobalSection(SolutionProperties) = preSolution
		HideSolutionNode = FALSE
	EndGlobalSection
EndGlobal
